
Microsoft Visual Studio Solution File, Format Version 12.00
# Visual Studio Version 17
VisualStudioVersion = 17.14.36429.23 d17.14
MinimumVisualStudioVersion = 10.0.40219.1
Project("{8BC9CEB8-8B4A-11D0-8D11-00A0C91BC942}") = "pixel-sort", "pixel-sort\pixel-sort.vcxproj", "{88FBE9D0-C24C-4115-B6C1-50C7D6CE01BD}"
EndProject
Global
	GlobalSection(SolutionConfigurationPlatforms) = preSolution
		Debug|x64 = Debug|x64
		Debug|x86 = Debug|x86
		Release|x64 = Release|x64
		Release|x86 = Release|x86
	EndGlobalSection
	GlobalSection(ProjectConfigurationPlatforms) = postSolution
		{88FBE9D0-C24C-4115-B6C1-50C7D6CE01BD}.Debug|x64.ActiveCfg = Debug|x64
		{88FBE9D0-C24C-4115-B6C1-50C7D6CE01BD}.Debug|x64.Build.0 = Debug|x64
		{88FBE9D0-C24C-4115-B6C1-50C7D6CE01BD}.Debug|x86.ActiveCfg = Debug|Win32
		{88FBE9D0-C24C-4115-B6C1-50C7D6CE01BD}.Debug|x86.Build.0 = Debug|Win32
		{88FBE9D0-C24C-4115-B6C1-50C7D6CE01BD}.Release|x64.ActiveCfg = Release|x64
		{88FBE9D0-C24C-4115-B6C1-50C7D6CE01BD}.Release|x64.Build.0 = Release|x64
		{88FBE9D0-C24C-4115-B6C1-50C7D6CE01BD}.Release|x86.ActiveCfg = Release|Win32
		{88FBE9D0-C24C-4115-B6C1-50C7D6CE01BD}.Release|x86.Build.0 = Release|Win32
	EndGlobalSection
	GlobalSection(SolutionProperties) = preSolution
		HideSolutionNode = FALSE
	EndGlobalSection
	GlobalSection(ExtensibilityGlobals) = postSolution
		SolutionGuid = {C23111E2-E604-480B-A273-CC289C13B887}
	EndGlobalSection
EndGlobal
